
Microsoft Visual Studio Solution File, Format Version 12.00
# Visual Studio 15
VisualStudioVersion = 15.0.28307.572
MinimumVisualStudioVersion = 10.0.40219.1
Project("{FAE04EC0-301F-11D3-BF4B-00C04F79EFBC}") = "SimpleEditor", "SimpleEditor\SimpleEditor.csproj", "{DD3D8D53-E5EE-424E-8E18-58336B9FF536}"
EndProject
Global
	GlobalSection(SolutionConfigurationPlatforms) = preSolution
		Debug|Any CPU = Debug|Any CPU
		Release|Any CPU = Release|Any CPU
	EndGlobalSection
	GlobalSection(ProjectConfigurationPlatforms) = postSolution
		{DD3D8D53-E5EE-424E-8E18-58336B9FF536}.Debug|Any CPU.ActiveCfg = Debug|Any CPU
		{DD3D8D53-E5EE-424E-8E18-58336B9FF536}.Debug|Any CPU.Build.0 = Debug|Any CPU
		{DD3D8D53-E5EE-424E-8E18-58336B9FF536}.Release|Any CPU.ActiveCfg = Release|Any CPU
		{DD3D8D53-E5EE-424E-8E18-58336B9FF536}.Release|Any CPU.Build.0 = Release|Any CPU
	EndGlobalSection
	GlobalSection(SolutionProperties) = preSolution
		HideSolutionNode = FALSE
	EndGlobalSection
	GlobalSection(ExtensibilityGlobals) = postSolution
		SolutionGuid = {48FD8A55-4F7F-454F-A288-69FD8F0FA644}
	EndGlobalSection
EndGlobal
