
Microsoft Visual Studio Solution File, Format Version 12.00
# Visual Studio 15
VisualStudioVersion = 15.0.27130.2020
MinimumVisualStudioVersion = 10.0.40219.1
Project("{FAE04EC0-301F-11D3-BF4B-00C04F79EFBC}") = "VSXWizards", "VSXWizards\VSXWizards.csproj", "{0BF98FF5-089B-4521-8DE0-2B7A3538547E}"
EndProject
Project("{FAE04EC0-301F-11D3-BF4B-00C04F79EFBC}") = "ProjectOrItemTemplate", "ProjectOrItemTemplate\ProjectOrItemTemplate.csproj", "{6A98E833-EB70-4932-B2D4-0785B59A53B1}"
EndProject
Project("{FAE04EC0-301F-11D3-BF4B-00C04F79EFBC}") = "VSIXWizardTemplate", "VSIXWizardTemplate\VSIXWizardTemplate.csproj", "{5FEF6A6C-FE12-4D17-A5BA-D617E4928013}"
EndProject
Project("{FAE04EC0-301F-11D3-BF4B-00C04F79EFBC}") = "SimplePackageTemplate", "SimplePackageTemplate\SimplePackageTemplate.csproj", "{C90EB623-129A-4D14-9A9B-C2696E36DA6E}"
EndProject
Global
	GlobalSection(SolutionConfigurationPlatforms) = preSolution
		Debug|Any CPU = Debug|Any CPU
		Release|Any CPU = Release|Any CPU
	EndGlobalSection
	GlobalSection(ProjectConfigurationPlatforms) = postSolution
		{0BF98FF5-089B-4521-8DE0-2B7A3538547E}.Debug|Any CPU.ActiveCfg = Debug|Any CPU
		{0BF98FF5-089B-4521-8DE0-2B7A3538547E}.Debug|Any CPU.Build.0 = Debug|Any CPU
		{0BF98FF5-089B-4521-8DE0-2B7A3538547E}.Release|Any CPU.ActiveCfg = Release|Any CPU
		{0BF98FF5-089B-4521-8DE0-2B7A3538547E}.Release|Any CPU.Build.0 = Release|Any CPU
		{6A98E833-EB70-4932-B2D4-0785B59A53B1}.Debug|Any CPU.ActiveCfg = Debug|Any CPU
		{6A98E833-EB70-4932-B2D4-0785B59A53B1}.Debug|Any CPU.Build.0 = Debug|Any CPU
		{6A98E833-EB70-4932-B2D4-0785B59A53B1}.Release|Any CPU.ActiveCfg = Release|Any CPU
		{6A98E833-EB70-4932-B2D4-0785B59A53B1}.Release|Any CPU.Build.0 = Release|Any CPU
		{5FEF6A6C-FE12-4D17-A5BA-D617E4928013}.Debug|Any CPU.ActiveCfg = Debug|Any CPU
		{5FEF6A6C-FE12-4D17-A5BA-D617E4928013}.Debug|Any CPU.Build.0 = Debug|Any CPU
		{5FEF6A6C-FE12-4D17-A5BA-D617E4928013}.Release|Any CPU.ActiveCfg = Release|Any CPU
		{5FEF6A6C-FE12-4D17-A5BA-D617E4928013}.Release|Any CPU.Build.0 = Release|Any CPU
		{C90EB623-129A-4D14-9A9B-C2696E36DA6E}.Debug|Any CPU.ActiveCfg = Debug|Any CPU
		{C90EB623-129A-4D14-9A9B-C2696E36DA6E}.Debug|Any CPU.Build.0 = Debug|Any CPU
		{C90EB623-129A-4D14-9A9B-C2696E36DA6E}.Release|Any CPU.ActiveCfg = Release|Any CPU
		{C90EB623-129A-4D14-9A9B-C2696E36DA6E}.Release|Any CPU.Build.0 = Release|Any CPU
	EndGlobalSection
	GlobalSection(SolutionProperties) = preSolution
		HideSolutionNode = FALSE
	EndGlobalSection
	GlobalSection(ExtensibilityGlobals) = postSolution
		SolutionGuid = {FE7B4D51-F577-4FC7-B3F7-41E147F954CD}
	EndGlobalSection
EndGlobal
