
Microsoft Visual Studio Solution File, Format Version 12.00
# Visual Studio 15
VisualStudioVersion = 15.0.26730.12
MinimumVisualStudioVersion = 10.0.40219.1
Project("{FAE04EC0-301F-11D3-BF4B-00C04F79EFBC}") = "ShowDebugHelpContext", "ShowDebugHelpContext\ShowDebugHelpContext.csproj", "{75AF4909-BD5D-442A-823C-49465ED1F70E}"
EndProject
Global
	GlobalSection(SolutionConfigurationPlatforms) = preSolution
		Debug|Any CPU = Debug|Any CPU
		Release|Any CPU = Release|Any CPU
	EndGlobalSection
	GlobalSection(ProjectConfigurationPlatforms) = postSolution
		{75AF4909-BD5D-442A-823C-49465ED1F70E}.Debug|Any CPU.ActiveCfg = Debug|Any CPU
		{75AF4909-BD5D-442A-823C-49465ED1F70E}.Debug|Any CPU.Build.0 = Debug|Any CPU
		{75AF4909-BD5D-442A-823C-49465ED1F70E}.Release|Any CPU.ActiveCfg = Release|Any CPU
		{75AF4909-BD5D-442A-823C-49465ED1F70E}.Release|Any CPU.Build.0 = Release|Any CPU
	EndGlobalSection
	GlobalSection(SolutionProperties) = preSolution
		HideSolutionNode = FALSE
	EndGlobalSection
	GlobalSection(ExtensibilityGlobals) = postSolution
		SolutionGuid = {F7434896-B6FA-4849-9F0F-E4B0EF81C6C8}
	EndGlobalSection
EndGlobal
